{
  "name": "@crussell52/socket-ipc",
  "version": "0.2.0",
  "lockfileVersion": 1,
  "requires": true,
  "dependencies": {
    "xpipe": {
      "version": "1.0.5",
      "resolved": "https://registry.npmjs.org/xpipe/-/xpipe-1.0.5.tgz",
      "integrity": "sha1-jdi/Rfw/f1Xw4FS4ePQ6YmFNr98="
    }
  }
}
